
Microsoft Visual Studio Solution File, Format Version 12.00
# Visual Studio Version 16
VisualStudioVersion = 16.0.28315.86
MinimumVisualStudioVersion = 10.0.40219.1
Project("{2150E333-8FDC-42A3-9474-1A3956D46DE8}") = "Engine", "Engine", "{1C6ACE5E-41C9-4018-87AC-91F349DD69F0}"
EndProject
Project("{2150E333-8FDC-42A3-9474-1A3956D46DE8}") = "Games", "Games", "{10A756E1-1E50-461A-A3C2-C5A41042AC74}"
EndProject
Project("{8BC9CEB8-8B4A-11D0-8D11-00A0C91BC942}") = "UE4", "Intermediate\ProjectFiles\UE4.vcxproj", "{B7F576F2-6C90-4F29-88BC-6B49E2A76A4E}"
EndProject
Project("{8BC9CEB8-8B4A-11D0-8D11-00A0C91BC942}") = "DemoProject", "Intermediate\ProjectFiles\DemoProject.vcxproj", "{1BD3BD47-D4CC-45C5-BBBB-94BC80717BF7}"
EndProject
Project("{2150E333-8FDC-42A3-9474-1A3956D46DE8}") = "Visualizers", "Visualizers", "{7F741062-846E-4F3A-969B-65C021A01629}"
	ProjectSection(SolutionItems) = preProject
		..\..\..\..\..\..\..\Program Files\Epic Games\UE_4.24\Engine\Extras\VisualStudioDebugging\UE4.natvis = ..\..\..\..\..\..\..\Program Files\Epic Games\UE_4.24\Engine\Extras\VisualStudioDebugging\UE4.natvis
	EndProjectSection
EndProject
Global
	GlobalSection(SolutionConfigurationPlatforms) = preSolution
		DebugGame Editor|Win32 = DebugGame Editor|Win32
		DebugGame Editor|Win64 = DebugGame Editor|Win64
		DebugGame|Win32 = DebugGame|Win32
		DebugGame|Win64 = DebugGame|Win64
		Development Editor|Win32 = Development Editor|Win32
		Development Editor|Win64 = Development Editor|Win64
		Development|Win32 = Development|Win32
		Development|Win64 = Development|Win64
		Shipping|Win32 = Shipping|Win32
		Shipping|Win64 = Shipping|Win64
	EndGlobalSection
	GlobalSection(ProjectConfigurationPlatforms) = postSolution
		{B7F576F2-6C90-4F29-88BC-6B49E2A76A4E}.DebugGame Editor|Win32.ActiveCfg = BuiltWithUnrealBuildTool|Win32
		{B7F576F2-6C90-4F29-88BC-6B49E2A76A4E}.DebugGame Editor|Win64.ActiveCfg = BuiltWithUnrealBuildTool|Win32
		{B7F576F2-6C90-4F29-88BC-6B49E2A76A4E}.DebugGame|Win32.ActiveCfg = BuiltWithUnrealBuildTool|Win32
		{B7F576F2-6C90-4F29-88BC-6B49E2A76A4E}.DebugGame|Win64.ActiveCfg = BuiltWithUnrealBuildTool|Win32
		{B7F576F2-6C90-4F29-88BC-6B49E2A76A4E}.Development Editor|Win32.ActiveCfg = BuiltWithUnrealBuildTool|Win32
		{B7F576F2-6C90-4F29-88BC-6B49E2A76A4E}.Development Editor|Win64.ActiveCfg = BuiltWithUnrealBuildTool|Win32
		{B7F576F2-6C90-4F29-88BC-6B49E2A76A4E}.Development|Win32.ActiveCfg = BuiltWithUnrealBuildTool|Win32
		{B7F576F2-6C90-4F29-88BC-6B49E2A76A4E}.Development|Win64.ActiveCfg = BuiltWithUnrealBuildTool|Win32
		{B7F576F2-6C90-4F29-88BC-6B49E2A76A4E}.Shipping|Win32.ActiveCfg = BuiltWithUnrealBuildTool|Win32
		{B7F576F2-6C90-4F29-88BC-6B49E2A76A4E}.Shipping|Win64.ActiveCfg = BuiltWithUnrealBuildTool|Win32
		{1BD3BD47-D4CC-45C5-BBBB-94BC80717BF7}.DebugGame Editor|Win32.ActiveCfg = Invalid|Win32
		{1BD3BD47-D4CC-45C5-BBBB-94BC80717BF7}.DebugGame Editor|Win64.ActiveCfg = DebugGame_Editor|x64
		{1BD3BD47-D4CC-45C5-BBBB-94BC80717BF7}.DebugGame Editor|Win64.Build.0 = DebugGame_Editor|x64
		{1BD3BD47-D4CC-45C5-BBBB-94BC80717BF7}.DebugGame|Win32.ActiveCfg = DebugGame|Win32
		{1BD3BD47-D4CC-45C5-BBBB-94BC80717BF7}.DebugGame|Win32.Build.0 = DebugGame|Win32
		{1BD3BD47-D4CC-45C5-BBBB-94BC80717BF7}.DebugGame|Win64.ActiveCfg = DebugGame|x64
		{1BD3BD47-D4CC-45C5-BBBB-94BC80717BF7}.DebugGame|Win64.Build.0 = DebugGame|x64
		{1BD3BD47-D4CC-45C5-BBBB-94BC80717BF7}.Development Editor|Win32.ActiveCfg = Invalid|Win32
		{1BD3BD47-D4CC-45C5-BBBB-94BC80717BF7}.Development Editor|Win64.ActiveCfg = Development_Editor|x64
		{1BD3BD47-D4CC-45C5-BBBB-94BC80717BF7}.Development Editor|Win64.Build.0 = Development_Editor|x64
		{1BD3BD47-D4CC-45C5-BBBB-94BC80717BF7}.Development|Win32.ActiveCfg = Development|Win32
		{1BD3BD47-D4CC-45C5-BBBB-94BC80717BF7}.Development|Win32.Build.0 = Development|Win32
		{1BD3BD47-D4CC-45C5-BBBB-94BC80717BF7}.Development|Win64.ActiveCfg = Development|x64
		{1BD3BD47-D4CC-45C5-BBBB-94BC80717BF7}.Development|Win64.Build.0 = Development|x64
		{1BD3BD47-D4CC-45C5-BBBB-94BC80717BF7}.Shipping|Win32.ActiveCfg = Shipping|Win32
		{1BD3BD47-D4CC-45C5-BBBB-94BC80717BF7}.Shipping|Win32.Build.0 = Shipping|Win32
		{1BD3BD47-D4CC-45C5-BBBB-94BC80717BF7}.Shipping|Win64.ActiveCfg = Shipping|x64
		{1BD3BD47-D4CC-45C5-BBBB-94BC80717BF7}.Shipping|Win64.Build.0 = Shipping|x64
	EndGlobalSection
	GlobalSection(SolutionProperties) = preSolution
		HideSolutionNode = FALSE
	EndGlobalSection
	GlobalSection(NestedProjects) = preSolution
		{B7F576F2-6C90-4F29-88BC-6B49E2A76A4E} = {1C6ACE5E-41C9-4018-87AC-91F349DD69F0}
		{1BD3BD47-D4CC-45C5-BBBB-94BC80717BF7} = {10A756E1-1E50-461A-A3C2-C5A41042AC74}
	EndGlobalSection
EndGlobal
